// !$*UTF8*$!
{
	archiveVersion = 1;
	classes = {
	};
	objectVersion = 48;
	objects = {

/* Begin PBXBuildFile section */
		579341F42258EA0D007A1074 /* AppDelegate.swift in Sources */ = {isa = PBXBuildFile; fileRef = 579341F32258EA0D007A1074 /* AppDelegate.swift */; };
		579341F62258EA0D007A1074 /* ViewController.swift in Sources */ = {isa = PBXBuildFile; fileRef = 579341F52258EA0D007A1074 /* ViewController.swift */; };
		579341F92258EA0D007A1074 /* Main.storyboard in Resources */ = {isa = PBXBuildFile; fileRef = 579341F72258EA0D007A1074 /* Main.storyboard */; };
		579341FC2258EA0D007A1074 /* ProjetoDB.xcdatamodeld in Sources */ = {isa = PBXBuildFile; fileRef = 579341FA2258EA0D007A1074 /* ProjetoDB.xcdatamodeld */; };
		579341FE2258EA0D007A1074 /* Assets.xcassets in Resources */ = {isa = PBXBuildFile; fileRef = 579341FD2258EA0D007A1074 /* Assets.xcassets */; };
		579342012258EA0D007A1074 /* LaunchScreen.storyboard in Resources */ = {isa = PBXBuildFile; fileRef = 579341FF2258EA0D007A1074 /* LaunchScreen.storyboard */; };
/* End PBXBuildFile section */

/* Begin PBXFileReference section */
		579341F02258EA0D007A1074 /* ProjetoDB.app */ = {isa = PBXFileReference; explicitFileType = wrapper.application; includeInIndex = 0; path = ProjetoDB.app; sourceTree = BUILT_PRODUCTS_DIR; };
		579341F32258EA0D007A1074 /* AppDelegate.swift */ = {isa = PBXFileReference; lastKnownFileType = sourcecode.swift; path = AppDelegate.swift; sourceTree = "<group>"; };
		579341F52258EA0D007A1074 /* ViewController.swift */ = {isa = PBXFileReference; lastKnownFileType = sourcecode.swift; path = ViewController.swift; sourceTree = "<group>"; };
		579341F82258EA0D007A1074 /* Base */ = {isa = PBXFileReference; lastKnownFileType = file.storyboard; name = Base; path = Base.lproj/Main.storyboard; sourceTree = "<group>"; };
		579341FB2258EA0D007A1074 /* ProjetoDB.xcdatamodel */ = {isa = PBXFileReference; lastKnownFileType = wrapper.xcdatamodel; path = ProjetoDB.xcdatamodel; sourceTree = "<group>"; };
		579341FD2258EA0D007A1074 /* Assets.xcassets */ = {isa = PBXFileReference; lastKnownFileType = folder.assetcatalog; path = Assets.xcassets; sourceTree = "<group>"; };
		579342002258EA0D007A1074 /* Base */ = {isa = PBXFileReference; lastKnownFileType = file.storyboard; name = Base; path = Base.lproj/LaunchScreen.storyboard; sourceTree = "<group>"; };
		579342022258EA0D007A1074 /* Info.plist */ = {isa = PBXFileReference; lastKnownFileType = text.plist.xml; path = Info.plist; sourceTree = "<group>"; };
/* End PBXFileReference section */

/* Begin PBXFrameworksBuildPhase section */
		579341ED2258EA0D007A1074 /* Frameworks */ = {
			isa = PBXFrameworksBuildPhase;
			buildActionMask = 2147483647;
			files = (
			);
			runOnlyForDeploymentPostprocessing = 0;
		};
/* End PBXFrameworksBuildPhase section */

/* Begin PBXGroup section */
		579341E72258EA0D007A1074 = {
			isa = PBXGroup;
			children = (
				579341F22258EA0D007A1074 /* ProjetoDB */,
				579341F12258EA0D007A1074 /* Products */,
			);
			sourceTree = "<group>";
		};
		579341F12258EA0D007A1074 /* Products */ = {
			isa = PBXGroup;
			children = (
				579341F02258EA0D007A1074 /* ProjetoDB.app */,
			);
			name = Products;
			sourceTree = "<group>";
		};
		579341F22258EA0D007A1074 /* ProjetoDB */ = {
			isa = PBXGroup;
			children = (
				579341F32258EA0D007A1074 /* AppDelegate.swift */,
				579341F52258EA0D007A1074 /* ViewController.swift */,
				579341F72258EA0D007A1074 /* Main.storyboard */,
				579341FD2258EA0D007A1074 /* Assets.xcassets */,
				579341FF2258EA0D007A1074 /* LaunchScreen.storyboard */,
				579342022258EA0D007A1074 /* Info.plist */,
				579341FA2258EA0D007A1074 /* ProjetoDB.xcdatamodeld */,
			);
			path = ProjetoDB;
			sourceTree = "<group>";
		};
/* End PBXGroup section */

/* Begin PBXNativeTarget section */
		579341EF2258EA0D007A1074 /* ProjetoDB */ = {
			isa = PBXNativeTarget;
			buildConfigurationList = 579342052258EA0D007A1074 /* Build configuration list for PBXNativeTarget "ProjetoDB" */;
			buildPhases = (
				579341EC2258EA0D007A1074 /* Sources */,
				579341ED2258EA0D007A1074 /* Frameworks */,
				579341EE2258EA0D007A1074 /* Resources */,
			);
			buildRules = (
			);
			dependencies = (
			);
			name = ProjetoDB;
			productName = ProjetoDB;
			productReference = 579341F02258EA0D007A1074 /* ProjetoDB.app */;
			productType = "com.apple.product-type.application";
		};
/* End PBXNativeTarget section */

/* Begin PBXProject section */
		579341E82258EA0D007A1074 /* Project object */ = {
			isa = PBXProject;
			attributes = {
				LastSwiftUpdateCheck = 0920;
				LastUpgradeCheck = 0920;
				ORGANIZATIONNAME = kaichiro;
				TargetAttributes = {
					579341EF2258EA0D007A1074 = {
						CreatedOnToolsVersion = 9.2;
						ProvisioningStyle = Automatic;
					};
				};
			};
			buildConfigurationList = 579341EB2258EA0D007A1074 /* Build configuration list for PBXProject "ProjetoDB" */;
			compatibilityVersion = "Xcode 8.0";
			developmentRegion = en;
			hasScannedForEncodings = 0;
			knownRegions = (
				en,
				Base,
			);
			mainGroup = 579341E72258EA0D007A1074;
			productRefGroup = 579341F12258EA0D007A1074 /* Products */;
			projectDirPath = "";
			projectRoot = "";
			targets = (
				579341EF2258EA0D007A1074 /* ProjetoDB */,
			);
		};
/* End PBXProject section */

/* Begin PBXResourcesBuildPhase section */
		579341EE2258EA0D007A1074 /* Resources */ = {
			isa = PBXResourcesBuildPhase;
			buildActionMask = 2147483647;
			files = (
				579342012258EA0D007A1074 /* LaunchScreen.storyboard in Resources */,
				579341FE2258EA0D007A1074 /* Assets.xcassets in Resources */,
				579341F92258EA0D007A1074 /* Main.storyboard in Resources */,
			);
			runOnlyForDeploymentPostprocessing = 0;
		};
/* End PBXResourcesBuildPhase section */

/* Begin PBXSourcesBuildPhase section */
		579341EC2258EA0D007A1074 /* Sources */ = {
			isa = PBXSourcesBuildPhase;
			buildActionMask = 2147483647;
			files = (
				579341F62258EA0D007A1074 /* ViewController.swift in Sources */,
				579341F42258EA0D007A1074 /* AppDelegate.swift in Sources */,
				579341FC2258EA0D007A1074 /* ProjetoDB.xcdatamodeld in Sources */,
			);
			runOnlyForDeploymentPostprocessing = 0;
		};
/* End PBXSourcesBuildPhase section */

/* Begin PBXVariantGroup section */
		579341F72258EA0D007A1074 /* Main.storyboard */ = {
			isa = PBXVariantGroup;
			children = (
				579341F82258EA0D007A1074 /* Base */,
			);
			name = Main.storyboard;
			sourceTree = "<group>";
		};
		579341FF2258EA0D007A1074 /* LaunchScreen.storyboard */ = {
			isa = PBXVariantGroup;
			children = (
				579342002258EA0D007A1074 /* Base */,
			);
			name = LaunchScreen.storyboard;
			sourceTree = "<group>";
		};
/* End PBXVariantGroup section */

/* Begin XCBuildConfiguration section */
		579342032258EA0D007A1074 /* Debug */ = {
			isa = XCBuildConfiguration;
			buildSettings = {
				ALWAYS_SEARCH_USER_PATHS = NO;
				CLANG_ANALYZER_NONNULL = YES;
				CLANG_ANALYZER_NUMBER_OBJECT_CONVERSION = YES_AGGRESSIVE;
				CLANG_CXX_LANGUAGE_STANDARD = "gnu++14";
				CLANG_CXX_LIBRARY = "libc++";
				CLANG_ENABLE_MODULES = YES;
				CLANG_ENABLE_OBJC_ARC = YES;
				CLANG_WARN_BLOCK_CAPTURE_AUTORELEASING = YES;
				CLANG_WARN_BOOL_CONVERSION = YES;
				CLANG_WARN_COMMA = YES;
				CLANG_WARN_CONSTANT_CONVERSION = YES;
				CLANG_WARN_DIRECT_OBJC_ISA_USAGE = YES_ERROR;
				CLANG_WARN_DOCUMENTATION_COMMENTS = YES;
				CLANG_WARN_EMPTY_BODY = YES;
				CLANG_WARN_ENUM_CONVERSION = YES;
				CLANG_WARN_INFINITE_RECURSION = YES;
				CLANG_WARN_INT_CONVERSION = YES;
				CLANG_WARN_NON_LITERAL_NULL_CONVERSION = YES;
				CLANG_WARN_OBJC_LITERAL_CONVERSION = YES;
				CLANG_WARN_OBJC_ROOT_CLASS = YES_ERROR;
				CLANG_WARN_RANGE_LOOP_ANALYSIS = YES;
				CLANG_WARN_STRICT_PROTOTYPES = YES;
				CLANG_WARN_SUSPICIOUS_MOVE = YES;
				CLANG_WARN_UNGUARDED_AVAILABILITY = YES_AGGRESSIVE;
				CLANG_WARN_UNREACHABLE_CODE = YES;
				CLANG_WARN__DUPLICATE_METHOD_MATCH = YES;
				CODE_SIGN_IDENTITY = "iPhone Developer";
				COPY_PHASE_STRIP = NO;
				DEBUG_INFORMATION_FORMAT = dwarf;
				ENABLE_STRICT_OBJC_MSGSEND = YES;
				ENABLE_TESTABILITY = YES;
				GCC_C_LANGUAGE_STANDARD = gnu11;
				GCC_DYNAMIC_NO_PIC = NO;
				GCC_NO_COMMON_BLOCKS = YES;
				GCC_OPTIMIZATION_LEVEL = 0;
				GCC_PREPROCESSOR_DEFINITIONS = (
					"DEBUG=1",
					"$(inherited)",
				);
				GCC_WARN_64_TO_32_BIT_CONVERSION = YES;
				GCC_WARN_ABOUT_RETURN_TYPE = YES_ERROR;
				GCC_WARN_UNDECLARED_SELECTOR = YES;
				GCC_WARN_UNINITIALIZED_AUTOS = YES_AGGRESSIVE;
				GCC_WARN_UNUSED_FUNCTION = YES;
				GCC_WARN_UNUSED_VARIABLE = YES;
				IPHONEOS_DEPLOYMENT_TARGET = 11.2;
				MTL_ENABLE_DEBUG_INFO = YES;
				ONLY_ACTIVE_ARCH = YES;
				SDKROOT = iphoneos;
				SWIFT_ACTIVE_COMPILATION_CONDITIONS = DEBUG;
				SWIFT_OPTIMIZATION_LEVEL = "-Onone";
			};
			name = Debug;
		};
		579342042258EA0D007A1074 /* Release */ = {
			isa = XCBuildConfiguration;
			buildSettings = {
				ALWAYS_SEARCH_USER_PATHS = NO;
				CLANG_ANALYZER_NONNULL = YES;
				CLANG_ANALYZER_NUMBER_OBJECT_CONVERSION = YES_AGGRESSIVE;
				CLANG_CXX_LANGUAGE_STANDARD = "gnu++14";
				CLANG_CXX_LIBRARY = "libc++";
				CLANG_ENABLE_MODULES = YES;
				CLANG_ENABLE_OBJC_ARC = YES;
				CLANG_WARN_BLOCK_CAPTURE_AUTORELEASING = YES;
				CLANG_WARN_BOOL_CONVERSION = YES;
				CLANG_WARN_COMMA = YES;
				CLANG_WARN_CONSTANT_CONVERSION = YES;
				CLANG_WARN_DIRECT_OBJC_ISA_USAGE = YES_ERROR;
				CLANG_WARN_DOCUMENTATION_COMMENTS = YES;
				CLANG_WARN_EMPTY_BODY = YES;
				CLANG_WARN_ENUM_CONVERSION = YES;
				CLANG_WARN_INFINITE_RECURSION = YES;
				CLANG_WARN_INT_CONVERSION = YES;
				CLANG_WARN_NON_LITERAL_NULL_CONVERSION = YES;
				CLANG_WARN_OBJC_LITERAL_CONVERSION = YES;
				CLANG_WARN_OBJC_ROOT_CLASS = YES_ERROR;
				CLANG_WARN_RANGE_LOOP_ANALYSIS = YES;
				CLANG_WARN_STRICT_PROTOTYPES = YES;
				CLANG_WARN_SUSPICIOUS_MOVE = YES;
				CLANG_WARN_UNGUARDED_AVAILABILITY = YES_AGGRESSIVE;
				CLANG_WARN_UNREACHABLE_CODE = YES;
				CLANG_WARN__DUPLICATE_METHOD_MATCH = YES;
				CODE_SIGN_IDENTITY = "iPhone Developer";
				COPY_PHASE_STRIP = NO;
				DEBUG_INFORMATION_FORMAT = "dwarf-with-dsym";
				ENABLE_NS_ASSERTIONS = NO;
				ENABLE_STRICT_OBJC_MSGSEND = YES;
				GCC_C_LANGUAGE_STANDARD = gnu11;
				GCC_NO_COMMON_BLOCKS = YES;
				GCC_WARN_64_TO_32_BIT_CONVERSION = YES;
				GCC_WARN_ABOUT_RETURN_TYPE = YES_ERROR;
				GCC_WARN_UNDECLARED_SELECTOR = YES;
				GCC_WARN_UNINITIALIZED_AUTOS = YES_AGGRESSIVE;
				GCC_WARN_UNUSED_FUNCTION = YES;
				GCC_WARN_UNUSED_VARIABLE = YES;
				IPHONEOS_DEPLOYMENT_TARGET = 11.2;
				MTL_ENABLE_DEBUG_INFO = NO;
				SDKROOT = iphoneos;
				SWIFT_OPTIMIZATION_LEVEL = "-Owholemodule";
				VALIDATE_PRODUCT = YES;
			};
			name = Release;
		};
		579342062258EA0D007A1074 /* Debug */ = {
			isa = XCBuildConfiguration;
			buildSettings = {
				ASSETCATALOG_COMPILER_APPICON_NAME = AppIcon;
				CODE_SIGN_STYLE = Automatic;
				INFOPLIST_FILE = ProjetoDB/Info.plist;
				LD_RUNPATH_SEARCH_PATHS = "$(inherited) @executable_path/Frameworks";
				PRODUCT_BUNDLE_IDENTIFIER = kaichirofukuda.ProjetoDB;
				PRODUCT_NAME = "$(TARGET_NAME)";
				SWIFT_VERSION = 4.0;
				TARGETED_DEVICE_FAMILY = "1,2";
			};
			name = Debug;
		};
		579342072258EA0D007A1074 /* Release */ = {
			isa = XCBuildConfiguration;
			buildSettings = {
				ASSETCATALOG_COMPILER_APPICON_NAME = AppIcon;
				CODE_SIGN_STYLE = Automatic;
				INFOPLIST_FILE = ProjetoDB/Info.plist;
				LD_RUNPATH_SEARCH_PATHS = "$(inherited) @executable_path/Frameworks";
				PRODUCT_BUNDLE_IDENTIFIER = kaichirofukuda.ProjetoDB;
				PRODUCT_NAME = "$(TARGET_NAME)";
				SWIFT_VERSION = 4.0;
				TARGETED_DEVICE_FAMILY = "1,2";
			};
			name = Release;
		};
/* End XCBuildConfiguration section */

/* Begin XCConfigurationList section */
		579341EB2258EA0D007A1074 /* Build configuration list for PBXProject "ProjetoDB" */ = {
			isa = XCConfigurationList;
			buildConfigurations = (
				579342032258EA0D007A1074 /* Debug */,
				579342042258EA0D007A1074 /* Release */,
			);
			defaultConfigurationIsVisible = 0;
			defaultConfigurationName = Release;
		};
		579342052258EA0D007A1074 /* Build configuration list for PBXNativeTarget "ProjetoDB" */ = {
			isa = XCConfigurationList;
			buildConfigurations = (
				579342062258EA0D007A1074 /* Debug */,
				579342072258EA0D007A1074 /* Release */,
			);
			defaultConfigurationIsVisible = 0;
			defaultConfigurationName = Release;
		};
/* End XCConfigurationList section */

/* Begin XCVersionGroup section */
		579341FA2258EA0D007A1074 /* ProjetoDB.xcdatamodeld */ = {
			isa = XCVersionGroup;
			children = (
				579341FB2258EA0D007A1074 /* ProjetoDB.xcdatamodel */,
			);
			currentVersion = 579341FB2258EA0D007A1074 /* ProjetoDB.xcdatamodel */;
			path = ProjetoDB.xcdatamodeld;
			sourceTree = "<group>";
			versionGroupType = wrapper.xcdatamodel;
		};
/* End XCVersionGroup section */
	};
	rootObject = 579341E82258EA0D007A1074 /* Project object */;
}
